
Microsoft Visual Studio Solution File, Format Version 12.00
# Visual Studio 15
VisualStudioVersion = 15.0.27004.2005
MinimumVisualStudioVersion = 10.0.40219.1
Project("{FAE04EC0-301F-11D3-BF4B-00C04F79EFBC}") = "parsaspace.netcore", "parsaspace.netcore\parsaspace.netcore.csproj", "{43A5C0ED-4AFA-406D-AFB1-E5BA54EB6114}"
EndProject
Global
	GlobalSection(SolutionConfigurationPlatforms) = preSolution
		Debug|Any CPU = Debug|Any CPU
		Release|Any CPU = Release|Any CPU
	EndGlobalSection
	GlobalSection(ProjectConfigurationPlatforms) = postSolution
		{43A5C0ED-4AFA-406D-AFB1-E5BA54EB6114}.Debug|Any CPU.ActiveCfg = Debug|Any CPU
		{43A5C0ED-4AFA-406D-AFB1-E5BA54EB6114}.Debug|Any CPU.Build.0 = Debug|Any CPU
		{43A5C0ED-4AFA-406D-AFB1-E5BA54EB6114}.Release|Any CPU.ActiveCfg = Release|Any CPU
		{43A5C0ED-4AFA-406D-AFB1-E5BA54EB6114}.Release|Any CPU.Build.0 = Release|Any CPU
	EndGlobalSection
	GlobalSection(SolutionProperties) = preSolution
		HideSolutionNode = FALSE
	EndGlobalSection
	GlobalSection(ExtensibilityGlobals) = postSolution
		SolutionGuid = {2D4E230C-1D7D-4078-8BCB-73E31ED422CA}
	EndGlobalSection
EndGlobal
